
Microsoft Visual Studio Solution File, Format Version 12.00
# Visual Studio Version 17
VisualStudioVersion = 17.9.34723.18
MinimumVisualStudioVersion = 10.0.40219.1
Project("{9A19103F-16F7-4668-BE54-9A1E7A4F7556}") = "CleanArchMvc.Application", "CleanArchMvc.Application\CleanArchMvc.Application.csproj", "{B2F3D626-B33A-4346-8977-B40D4CEC278C}"
EndProject
Project("{9A19103F-16F7-4668-BE54-9A1E7A4F7556}") = "CleanArchMvc.Infra.Data", "CleanArchMvc.Infra.Data\CleanArchMvc.Infra.Data.csproj", "{9D29831C-A703-4482-A1F4-27F31534ADDD}"
EndProject
Project("{9A19103F-16F7-4668-BE54-9A1E7A4F7556}") = "CleanArchMvc.Infra.IoC", "CleanArchMvc.Infra.IoC\CleanArchMvc.Infra.IoC.csproj", "{790269BA-C430-4B57-BAA0-8071471A034B}"
EndProject
Project("{9A19103F-16F7-4668-BE54-9A1E7A4F7556}") = "CleanArchMvc.WebUI", "CleanArchMvc.WebUI\CleanArchMvc.WebUI.csproj", "{BAAD5451-979F-497F-991B-AB0630A73F7B}"
EndProject
Project("{9A19103F-16F7-4668-BE54-9A1E7A4F7556}") = "CleanArchMvc.Domain.Tests", "CleanArchMvc.Domain.Tests\CleanArchMvc.Domain.Tests.csproj", "{6ED14B4B-CBCC-49E8-8E07-E47BB2D816FE}"
EndProject
Project("{9A19103F-16F7-4668-BE54-9A1E7A4F7556}") = "CleanArchMvc.Domain", "CleanArchMvc.Domain\CleanArchMvc.Domain.csproj", "{97F3C0CD-01E2-4E3E-A7CD-2A629D21ADAF}"
EndProject
Project("{2150E333-8FDC-42A3-9474-1A3956D46DE8}") = "Itens de Solução", "Itens de Solução", "{30274D32-5478-4817-8853-A454E11878CB}"
	ProjectSection(SolutionItems) = preProject
		docker-compose.yml = docker-compose.yml
	EndProjectSection
EndProject
Global
	GlobalSection(SolutionConfigurationPlatforms) = preSolution
		Debug|Any CPU = Debug|Any CPU
		Release|Any CPU = Release|Any CPU
	EndGlobalSection
	GlobalSection(ProjectConfigurationPlatforms) = postSolution
		{B2F3D626-B33A-4346-8977-B40D4CEC278C}.Debug|Any CPU.ActiveCfg = Debug|Any CPU
		{B2F3D626-B33A-4346-8977-B40D4CEC278C}.Debug|Any CPU.Build.0 = Debug|Any CPU
		{B2F3D626-B33A-4346-8977-B40D4CEC278C}.Release|Any CPU.ActiveCfg = Release|Any CPU
		{B2F3D626-B33A-4346-8977-B40D4CEC278C}.Release|Any CPU.Build.0 = Release|Any CPU
		{9D29831C-A703-4482-A1F4-27F31534ADDD}.Debug|Any CPU.ActiveCfg = Debug|Any CPU
		{9D29831C-A703-4482-A1F4-27F31534ADDD}.Debug|Any CPU.Build.0 = Debug|Any CPU
		{9D29831C-A703-4482-A1F4-27F31534ADDD}.Release|Any CPU.ActiveCfg = Release|Any CPU
		{9D29831C-A703-4482-A1F4-27F31534ADDD}.Release|Any CPU.Build.0 = Release|Any CPU
		{790269BA-C430-4B57-BAA0-8071471A034B}.Debug|Any CPU.ActiveCfg = Debug|Any CPU
		{790269BA-C430-4B57-BAA0-8071471A034B}.Debug|Any CPU.Build.0 = Debug|Any CPU
		{790269BA-C430-4B57-BAA0-8071471A034B}.Release|Any CPU.ActiveCfg = Release|Any CPU
		{790269BA-C430-4B57-BAA0-8071471A034B}.Release|Any CPU.Build.0 = Release|Any CPU
		{BAAD5451-979F-497F-991B-AB0630A73F7B}.Debug|Any CPU.ActiveCfg = Debug|Any CPU
		{BAAD5451-979F-497F-991B-AB0630A73F7B}.Debug|Any CPU.Build.0 = Debug|Any CPU
		{BAAD5451-979F-497F-991B-AB0630A73F7B}.Release|Any CPU.ActiveCfg = Release|Any CPU
		{BAAD5451-979F-497F-991B-AB0630A73F7B}.Release|Any CPU.Build.0 = Release|Any CPU
		{6ED14B4B-CBCC-49E8-8E07-E47BB2D816FE}.Debug|Any CPU.ActiveCfg = Debug|Any CPU
		{6ED14B4B-CBCC-49E8-8E07-E47BB2D816FE}.Debug|Any CPU.Build.0 = Debug|Any CPU
		{6ED14B4B-CBCC-49E8-8E07-E47BB2D816FE}.Release|Any CPU.ActiveCfg = Release|Any CPU
		{6ED14B4B-CBCC-49E8-8E07-E47BB2D816FE}.Release|Any CPU.Build.0 = Release|Any CPU
		{97F3C0CD-01E2-4E3E-A7CD-2A629D21ADAF}.Debug|Any CPU.ActiveCfg = Debug|Any CPU
		{97F3C0CD-01E2-4E3E-A7CD-2A629D21ADAF}.Debug|Any CPU.Build.0 = Debug|Any CPU
		{97F3C0CD-01E2-4E3E-A7CD-2A629D21ADAF}.Release|Any CPU.ActiveCfg = Release|Any CPU
		{97F3C0CD-01E2-4E3E-A7CD-2A629D21ADAF}.Release|Any CPU.Build.0 = Release|Any CPU
	EndGlobalSection
	GlobalSection(SolutionProperties) = preSolution
		HideSolutionNode = FALSE
	EndGlobalSection
	GlobalSection(ExtensibilityGlobals) = postSolution
		SolutionGuid = {747F8FC2-F26C-4FBC-AD41-288C04581DD4}
	EndGlobalSection
EndGlobal
